// !$*UTF8*$!
{
	archiveVersion = 1;
	classes = {
	};
	objectVersion = 46;
	objects = {

/* Begin PBXBuildFile section */
		3FBFEE9F1DC276A1002C694E /* AppDelegate.swift in Sources */ = {isa = PBXBuildFile; fileRef = 3FBFEE9E1DC276A1002C694E /* AppDelegate.swift */; };
		3FBFEEA41DC276A1002C694E /* Main.storyboard in Resources */ = {isa = PBXBuildFile; fileRef = 3FBFEEA21DC276A1002C694E /* Main.storyboard */; };
		3FBFEEA61DC276A1002C694E /* Assets.xcassets in Resources */ = {isa = PBXBuildFile; fileRef = 3FBFEEA51DC276A1002C694E /* Assets.xcassets */; };
		3FBFEEA91DC276A1002C694E /* LaunchScreen.storyboard in Resources */ = {isa = PBXBuildFile; fileRef = 3FBFEEA71DC276A1002C694E /* LaunchScreen.storyboard */; };
		3FBFEEB41DC276A1002C694E /* ReadingListTests.swift in Sources */ = {isa = PBXBuildFile; fileRef = 3FBFEEB31DC276A1002C694E /* ReadingListTests.swift */; };
		3FBFEEBF1DC2A863002C694E /* ReadingListController.swift in Sources */ = {isa = PBXBuildFile; fileRef = 3FBFEEBE1DC2A863002C694E /* ReadingListController.swift */; };
		3FBFEEDA1DC2B4A1002C694E /* Author.swift in Sources */ = {isa = PBXBuildFile; fileRef = 3FBFEEC11DC2B4A1002C694E /* Author.swift */; };
		3FBFEEDB1DC2B4A1002C694E /* Book.swift in Sources */ = {isa = PBXBuildFile; fileRef = 3FBFEEC21DC2B4A1002C694E /* Book.swift */; };
		3FBFEEDC1DC2B4A1002C694E /* BooksAndAuthors.plist in Resources */ = {isa = PBXBuildFile; fileRef = 3FBFEEC31DC2B4A1002C694E /* BooksAndAuthors.plist */; };
		3FBFEEDD1DC2B4A1002C694E /* Austen.png in Resources */ = {isa = PBXBuildFile; fileRef = 3FBFEEC51DC2B4A1002C694E /* Austen.png */; };
		3FBFEEDE1DC2B4A1002C694E /* Bacon.png in Resources */ = {isa = PBXBuildFile; fileRef = 3FBFEEC61DC2B4A1002C694E /* Bacon.png */; };
		3FBFEEDF1DC2B4A1002C694E /* Carroll.png in Resources */ = {isa = PBXBuildFile; fileRef = 3FBFEEC71DC2B4A1002C694E /* Carroll.png */; };
		3FBFEEE01DC2B4A1002C694E /* Dostoevsky.png in Resources */ = {isa = PBXBuildFile; fileRef = 3FBFEEC81DC2B4A1002C694E /* Dostoevsky.png */; };
		3FBFEEE11DC2B4A1002C694E /* Eliot.png in Resources */ = {isa = PBXBuildFile; fileRef = 3FBFEEC91DC2B4A1002C694E /* Eliot.png */; };
		3FBFEEE21DC2B4A1002C694E /* Emerson.png in Resources */ = {isa = PBXBuildFile; fileRef = 3FBFEECA1DC2B4A1002C694E /* Emerson.png */; };
		3FBFEEE31DC2B4A1002C694E /* Hemingway.png in Resources */ = {isa = PBXBuildFile; fileRef = 3FBFEECB1DC2B4A1002C694E /* Hemingway.png */; };
		3FBFEEE41DC2B4A1002C694E /* Milne.png in Resources */ = {isa = PBXBuildFile; fileRef = 3FBFEECC1DC2B4A1002C694E /* Milne.png */; };
		3FBFEEE51DC2B4A1002C694E /* More.png in Resources */ = {isa = PBXBuildFile; fileRef = 3FBFEECD1DC2B4A1002C694E /* More.png */; };
		3FBFEEE61DC2B4A1002C694E /* Newton.png in Resources */ = {isa = PBXBuildFile; fileRef = 3FBFEECE1DC2B4A1002C694E /* Newton.png */; };
		3FBFEEE71DC2B4A1002C694E /* NoImage.png in Resources */ = {isa = PBXBuildFile; fileRef = 3FBFEECF1DC2B4A1002C694E /* NoImage.png */; };
		3FBFEEE81DC2B4A1002C694E /* Shakespeare.png in Resources */ = {isa = PBXBuildFile; fileRef = 3FBFEED01DC2B4A1002C694E /* Shakespeare.png */; };
		3FBFEEE91DC2B4A1002C694E /* Thoreau.jpg in Resources */ = {isa = PBXBuildFile; fileRef = 3FBFEED11DC2B4A1002C694E /* Thoreau.jpg */; };
		3FBFEEEA1DC2B4A1002C694E /* Tolstoy.png in Resources */ = {isa = PBXBuildFile; fileRef = 3FBFEED21DC2B4A1002C694E /* Tolstoy.png */; };
		3FBFEEEB1DC2B4A1002C694E /* Twain.png in Resources */ = {isa = PBXBuildFile; fileRef = 3FBFEED31DC2B4A1002C694E /* Twain.png */; };
		3FBFEEEC1DC2B4A1002C694E /* Wells.png in Resources */ = {isa = PBXBuildFile; fileRef = 3FBFEED41DC2B4A1002C694E /* Wells.png */; };
		3FBFEEED1DC2B4A1002C694E /* Whitman.png in Resources */ = {isa = PBXBuildFile; fileRef = 3FBFEED51DC2B4A1002C694E /* Whitman.png */; };
		3FBFEEEE1DC2B4A1002C694E /* ModelObject.swift in Sources */ = {isa = PBXBuildFile; fileRef = 3FBFEED61DC2B4A1002C694E /* ModelObject.swift */; };
		3FBFEEEF1DC2B4A1002C694E /* ReadingList.swift in Sources */ = {isa = PBXBuildFile; fileRef = 3FBFEED71DC2B4A1002C694E /* ReadingList.swift */; };
		3FBFEEF01DC2B4A1002C694E /* ReadingListStore.swift in Sources */ = {isa = PBXBuildFile; fileRef = 3FBFEED91DC2B4A1002C694E /* ReadingListStore.swift */; };
		3FBFEEF21DC3A741002C694E /* ViewBookController.swift in Sources */ = {isa = PBXBuildFile; fileRef = 3FBFEEF11DC3A741002C694E /* ViewBookController.swift */; };
		3FBFEEF41DC3B27D002C694E /* EditBookController.swift in Sources */ = {isa = PBXBuildFile; fileRef = 3FBFEEF31DC3B27D002C694E /* EditBookController.swift */; };
/* End PBXBuildFile section */

/* Begin PBXContainerItemProxy section */
		3FBFEEB01DC276A1002C694E /* PBXContainerItemProxy */ = {
			isa = PBXContainerItemProxy;
			containerPortal = 3FBFEE931DC276A1002C694E /* Project object */;
			proxyType = 1;
			remoteGlobalIDString = 3FBFEE9A1DC276A1002C694E;
			remoteInfo = ReadingList;
		};
/* End PBXContainerItemProxy section */

/* Begin PBXFileReference section */
		3FBFEE9B1DC276A1002C694E /* ReadingList.app */ = {isa = PBXFileReference; explicitFileType = wrapper.application; includeInIndex = 0; path = ReadingList.app; sourceTree = BUILT_PRODUCTS_DIR; };
		3FBFEE9E1DC276A1002C694E /* AppDelegate.swift */ = {isa = PBXFileReference; lastKnownFileType = sourcecode.swift; path = AppDelegate.swift; sourceTree = "<group>"; };
		3FBFEEA31DC276A1002C694E /* Base */ = {isa = PBXFileReference; lastKnownFileType = file.storyboard; name = Base; path = Base.lproj/Main.storyboard; sourceTree = "<group>"; };
		3FBFEEA51DC276A1002C694E /* Assets.xcassets */ = {isa = PBXFileReference; lastKnownFileType = folder.assetcatalog; path = Assets.xcassets; sourceTree = "<group>"; };
		3FBFEEA81DC276A1002C694E /* Base */ = {isa = PBXFileReference; lastKnownFileType = file.storyboard; name = Base; path = Base.lproj/LaunchScreen.storyboard; sourceTree = "<group>"; };
		3FBFEEAA1DC276A1002C694E /* Info.plist */ = {isa = PBXFileReference; lastKnownFileType = text.plist.xml; path = Info.plist; sourceTree = "<group>"; };
		3FBFEEAF1DC276A1002C694E /* ReadingListTests.xctest */ = {isa = PBXFileReference; explicitFileType = wrapper.cfbundle; includeInIndex = 0; path = ReadingListTests.xctest; sourceTree = BUILT_PRODUCTS_DIR; };
		3FBFEEB31DC276A1002C694E /* ReadingListTests.swift */ = {isa = PBXFileReference; lastKnownFileType = sourcecode.swift; path = ReadingListTests.swift; sourceTree = "<group>"; };
		3FBFEEB51DC276A1002C694E /* Info.plist */ = {isa = PBXFileReference; lastKnownFileType = text.plist.xml; path = Info.plist; sourceTree = "<group>"; };
		3FBFEEBE1DC2A863002C694E /* ReadingListController.swift */ = {isa = PBXFileReference; fileEncoding = 4; lastKnownFileType = sourcecode.swift; path = ReadingListController.swift; sourceTree = "<group>"; };
		3FBFEEC11DC2B4A1002C694E /* Author.swift */ = {isa = PBXFileReference; fileEncoding = 4; lastKnownFileType = sourcecode.swift; path = Author.swift; sourceTree = "<group>"; };
		3FBFEEC21DC2B4A1002C694E /* Book.swift */ = {isa = PBXFileReference; fileEncoding = 4; lastKnownFileType = sourcecode.swift; path = Book.swift; sourceTree = "<group>"; };
		3FBFEEC31DC2B4A1002C694E /* BooksAndAuthors.plist */ = {isa = PBXFileReference; lastKnownFileType = text.plist; path = BooksAndAuthors.plist; sourceTree = "<group>"; };
		3FBFEEC51DC2B4A1002C694E /* Austen.png */ = {isa = PBXFileReference; lastKnownFileType = image.png; path = Austen.png; sourceTree = "<group>"; };
		3FBFEEC61DC2B4A1002C694E /* Bacon.png */ = {isa = PBXFileReference; lastKnownFileType = image.png; path = Bacon.png; sourceTree = "<group>"; };
		3FBFEEC71DC2B4A1002C694E /* Carroll.png */ = {isa = PBXFileReference; lastKnownFileType = image.png; path = Carroll.png; sourceTree = "<group>"; };
		3FBFEEC81DC2B4A1002C694E /* Dostoevsky.png */ = {isa = PBXFileReference; lastKnownFileType = image.png; path = Dostoevsky.png; sourceTree = "<group>"; };
		3FBFEEC91DC2B4A1002C694E /* Eliot.png */ = {isa = PBXFileReference; lastKnownFileType = image.png; path = Eliot.png; sourceTree = "<group>"; };
		3FBFEECA1DC2B4A1002C694E /* Emerson.png */ = {isa = PBXFileReference; lastKnownFileType = image.png; path = Emerson.png; sourceTree = "<group>"; };
		3FBFEECB1DC2B4A1002C694E /* Hemingway.png */ = {isa = PBXFileReference; lastKnownFileType = image.png; path = Hemingway.png; sourceTree = "<group>"; };
		3FBFEECC1DC2B4A1002C694E /* Milne.png */ = {isa = PBXFileReference; lastKnownFileType = image.png; path = Milne.png; sourceTree = "<group>"; };
		3FBFEECD1DC2B4A1002C694E /* More.png */ = {isa = PBXFileReference; lastKnownFileType = image.png; path = More.png; sourceTree = "<group>"; };
		3FBFEECE1DC2B4A1002C694E /* Newton.png */ = {isa = PBXFileReference; lastKnownFileType = image.png; path = Newton.png; sourceTree = "<group>"; };
		3FBFEECF1DC2B4A1002C694E /* NoImage.png */ = {isa = PBXFileReference; lastKnownFileType = image.png; path = NoImage.png; sourceTree = "<group>"; };
		3FBFEED01DC2B4A1002C694E /* Shakespeare.png */ = {isa = PBXFileReference; lastKnownFileType = image.png; path = Shakespeare.png; sourceTree = "<group>"; };
		3FBFEED11DC2B4A1002C694E /* Thoreau.jpg */ = {isa = PBXFileReference; lastKnownFileType = image.jpeg; path = Thoreau.jpg; sourceTree = "<group>"; };
		3FBFEED21DC2B4A1002C694E /* Tolstoy.png */ = {isa = PBXFileReference; lastKnownFileType = image.png; path = Tolstoy.png; sourceTree = "<group>"; };
		3FBFEED31DC2B4A1002C694E /* Twain.png */ = {isa = PBXFileReference; lastKnownFileType = image.png; path = Twain.png; sourceTree = "<group>"; };
		3FBFEED41DC2B4A1002C694E /* Wells.png */ = {isa = PBXFileReference; lastKnownFileType = image.png; path = Wells.png; sourceTree = "<group>"; };
		3FBFEED51DC2B4A1002C694E /* Whitman.png */ = {isa = PBXFileReference; lastKnownFileType = image.png; path = Whitman.png; sourceTree = "<group>"; };
		3FBFEED61DC2B4A1002C694E /* ModelObject.swift */ = {isa = PBXFileReference; fileEncoding = 4; lastKnownFileType = sourcecode.swift; path = ModelObject.swift; sourceTree = "<group>"; };
		3FBFEED71DC2B4A1002C694E /* ReadingList.swift */ = {isa = PBXFileReference; fileEncoding = 4; lastKnownFileType = sourcecode.swift; path = ReadingList.swift; sourceTree = "<group>"; };
		3FBFEED81DC2B4A1002C694E /* ReadingListModel.h */ = {isa = PBXFileReference; fileEncoding = 4; lastKnownFileType = sourcecode.c.h; path = ReadingListModel.h; sourceTree = "<group>"; };
		3FBFEED91DC2B4A1002C694E /* ReadingListStore.swift */ = {isa = PBXFileReference; fileEncoding = 4; lastKnownFileType = sourcecode.swift; path = ReadingListStore.swift; sourceTree = "<group>"; };
		3FBFEEF11DC3A741002C694E /* ViewBookController.swift */ = {isa = PBXFileReference; fileEncoding = 4; lastKnownFileType = sourcecode.swift; path = ViewBookController.swift; sourceTree = "<group>"; };
		3FBFEEF31DC3B27D002C694E /* EditBookController.swift */ = {isa = PBXFileReference; fileEncoding = 4; lastKnownFileType = sourcecode.swift; path = EditBookController.swift; sourceTree = "<group>"; };
/* End PBXFileReference section */

/* Begin PBXFrameworksBuildPhase section */
		3FBFEE981DC276A1002C694E /* Frameworks */ = {
			isa = PBXFrameworksBuildPhase;
			buildActionMask = 2147483647;
			files = (
			);
			runOnlyForDeploymentPostprocessing = 0;
		};
		3FBFEEAC1DC276A1002C694E /* Frameworks */ = {
			isa = PBXFrameworksBuildPhase;
			buildActionMask = 2147483647;
			files = (
			);
			runOnlyForDeploymentPostprocessing = 0;
		};
/* End PBXFrameworksBuildPhase section */

/* Begin PBXGroup section */
		3FBFEE921DC276A1002C694E = {
			isa = PBXGroup;
			children = (
				3FBFEEC01DC2B4A1002C694E /* ReadingListModel */,
				3FBFEE9D1DC276A1002C694E /* ReadingList */,
				3FBFEEB21DC276A1002C694E /* ReadingListTests */,
				3FBFEE9C1DC276A1002C694E /* Products */,
			);
			sourceTree = "<group>";
		};
		3FBFEE9C1DC276A1002C694E /* Products */ = {
			isa = PBXGroup;
			children = (
				3FBFEE9B1DC276A1002C694E /* ReadingList.app */,
				3FBFEEAF1DC276A1002C694E /* ReadingListTests.xctest */,
			);
			name = Products;
			sourceTree = "<group>";
		};
		3FBFEE9D1DC276A1002C694E /* ReadingList */ = {
			isa = PBXGroup;
			children = (
				3FBFEE9E1DC276A1002C694E /* AppDelegate.swift */,
				3FBFEEBE1DC2A863002C694E /* ReadingListController.swift */,
				3FBFEEF11DC3A741002C694E /* ViewBookController.swift */,
				3FBFEEF31DC3B27D002C694E /* EditBookController.swift */,
				3FBFEEA21DC276A1002C694E /* Main.storyboard */,
				3FBFEEA51DC276A1002C694E /* Assets.xcassets */,
				3FBFEEA71DC276A1002C694E /* LaunchScreen.storyboard */,
				3FBFEEAA1DC276A1002C694E /* Info.plist */,
			);
			path = ReadingList;
			sourceTree = "<group>";
		};
		3FBFEEB21DC276A1002C694E /* ReadingListTests */ = {
			isa = PBXGroup;
			children = (
				3FBFEEB31DC276A1002C694E /* ReadingListTests.swift */,
				3FBFEEB51DC276A1002C694E /* Info.plist */,
			);
			path = ReadingListTests;
			sourceTree = "<group>";
		};
		3FBFEEC01DC2B4A1002C694E /* ReadingListModel */ = {
			isa = PBXGroup;
			children = (
				3FBFEEC11DC2B4A1002C694E /* Author.swift */,
				3FBFEEC21DC2B4A1002C694E /* Book.swift */,
				3FBFEEC31DC2B4A1002C694E /* BooksAndAuthors.plist */,
				3FBFEEC41DC2B4A1002C694E /* Images */,
				3FBFEED61DC2B4A1002C694E /* ModelObject.swift */,
				3FBFEED71DC2B4A1002C694E /* ReadingList.swift */,
				3FBFEED81DC2B4A1002C694E /* ReadingListModel.h */,
				3FBFEED91DC2B4A1002C694E /* ReadingListStore.swift */,
			);
			path = ReadingListModel;
			sourceTree = "<group>";
		};
		3FBFEEC41DC2B4A1002C694E /* Images */ = {
			isa = PBXGroup;
			children = (
				3FBFEEC51DC2B4A1002C694E /* Austen.png */,
				3FBFEEC61DC2B4A1002C694E /* Bacon.png */,
				3FBFEEC71DC2B4A1002C694E /* Carroll.png */,
				3FBFEEC81DC2B4A1002C694E /* Dostoevsky.png */,
				3FBFEEC91DC2B4A1002C694E /* Eliot.png */,
				3FBFEECA1DC2B4A1002C694E /* Emerson.png */,
				3FBFEECB1DC2B4A1002C694E /* Hemingway.png */,
				3FBFEECC1DC2B4A1002C694E /* Milne.png */,
				3FBFEECD1DC2B4A1002C694E /* More.png */,
				3FBFEECE1DC2B4A1002C694E /* Newton.png */,
				3FBFEECF1DC2B4A1002C694E /* NoImage.png */,
				3FBFEED01DC2B4A1002C694E /* Shakespeare.png */,
				3FBFEED11DC2B4A1002C694E /* Thoreau.jpg */,
				3FBFEED21DC2B4A1002C694E /* Tolstoy.png */,
				3FBFEED31DC2B4A1002C694E /* Twain.png */,
				3FBFEED41DC2B4A1002C694E /* Wells.png */,
				3FBFEED51DC2B4A1002C694E /* Whitman.png */,
			);
			path = Images;
			sourceTree = "<group>";
		};
/* End PBXGroup section */

/* Begin PBXNativeTarget section */
		3FBFEE9A1DC276A1002C694E /* ReadingList */ = {
			isa = PBXNativeTarget;
			buildConfigurationList = 3FBFEEB81DC276A1002C694E /* Build configuration list for PBXNativeTarget "ReadingList" */;
			buildPhases = (
				3FBFEE971DC276A1002C694E /* Sources */,
				3FBFEE981DC276A1002C694E /* Frameworks */,
				3FBFEE991DC276A1002C694E /* Resources */,
			);
			buildRules = (
			);
			dependencies = (
			);
			name = ReadingList;
			productName = ReadingList;
			productReference = 3FBFEE9B1DC276A1002C694E /* ReadingList.app */;
			productType = "com.apple.product-type.application";
		};
		3FBFEEAE1DC276A1002C694E /* ReadingListTests */ = {
			isa = PBXNativeTarget;
			buildConfigurationList = 3FBFEEBB1DC276A1002C694E /* Build configuration list for PBXNativeTarget "ReadingListTests" */;
			buildPhases = (
				3FBFEEAB1DC276A1002C694E /* Sources */,
				3FBFEEAC1DC276A1002C694E /* Frameworks */,
				3FBFEEAD1DC276A1002C694E /* Resources */,
			);
			buildRules = (
			);
			dependencies = (
				3FBFEEB11DC276A1002C694E /* PBXTargetDependency */,
			);
			name = ReadingListTests;
			productName = ReadingListTests;
			productReference = 3FBFEEAF1DC276A1002C694E /* ReadingListTests.xctest */;
			productType = "com.apple.product-type.bundle.unit-test";
		};
/* End PBXNativeTarget section */

/* Begin PBXProject section */
		3FBFEE931DC276A1002C694E /* Project object */ = {
			isa = PBXProject;
			attributes = {
				LastSwiftUpdateCheck = 0800;
				LastUpgradeCheck = 0800;
				ORGANIZATIONNAME = Student;
				TargetAttributes = {
					3FBFEE9A1DC276A1002C694E = {
						CreatedOnToolsVersion = 8.0;
						ProvisioningStyle = Automatic;
					};
					3FBFEEAE1DC276A1002C694E = {
						CreatedOnToolsVersion = 8.0;
						ProvisioningStyle = Automatic;
						TestTargetID = 3FBFEE9A1DC276A1002C694E;
					};
				};
			};
			buildConfigurationList = 3FBFEE961DC276A1002C694E /* Build configuration list for PBXProject "ReadingList" */;
			compatibilityVersion = "Xcode 3.2";
			developmentRegion = English;
			hasScannedForEncodings = 0;
			knownRegions = (
				en,
				Base,
			);
			mainGroup = 3FBFEE921DC276A1002C694E;
			productRefGroup = 3FBFEE9C1DC276A1002C694E /* Products */;
			projectDirPath = "";
			projectRoot = "";
			targets = (
				3FBFEE9A1DC276A1002C694E /* ReadingList */,
				3FBFEEAE1DC276A1002C694E /* ReadingListTests */,
			);
		};
/* End PBXProject section */

/* Begin PBXResourcesBuildPhase section */
		3FBFEE991DC276A1002C694E /* Resources */ = {
			isa = PBXResourcesBuildPhase;
			buildActionMask = 2147483647;
			files = (
				3FBFEEDD1DC2B4A1002C694E /* Austen.png in Resources */,
				3FBFEEDE1DC2B4A1002C694E /* Bacon.png in Resources */,
				3FBFEEE61DC2B4A1002C694E /* Newton.png in Resources */,
				3FBFEEDF1DC2B4A1002C694E /* Carroll.png in Resources */,
				3FBFEEE31DC2B4A1002C694E /* Hemingway.png in Resources */,
				3FBFEEE11DC2B4A1002C694E /* Eliot.png in Resources */,
				3FBFEEA91DC276A1002C694E /* LaunchScreen.storyboard in Resources */,
				3FBFEEE71DC2B4A1002C694E /* NoImage.png in Resources */,
				3FBFEEE01DC2B4A1002C694E /* Dostoevsky.png in Resources */,
				3FBFEEE91DC2B4A1002C694E /* Thoreau.jpg in Resources */,
				3FBFEEA61DC276A1002C694E /* Assets.xcassets in Resources */,
				3FBFEEEB1DC2B4A1002C694E /* Twain.png in Resources */,
				3FBFEEE51DC2B4A1002C694E /* More.png in Resources */,
				3FBFEEDC1DC2B4A1002C694E /* BooksAndAuthors.plist in Resources */,
				3FBFEEE41DC2B4A1002C694E /* Milne.png in Resources */,
				3FBFEEA41DC276A1002C694E /* Main.storyboard in Resources */,
				3FBFEEE81DC2B4A1002C694E /* Shakespeare.png in Resources */,
				3FBFEEED1DC2B4A1002C694E /* Whitman.png in Resources */,
				3FBFEEEA1DC2B4A1002C694E /* Tolstoy.png in Resources */,
				3FBFEEE21DC2B4A1002C694E /* Emerson.png in Resources */,
				3FBFEEEC1DC2B4A1002C694E /* Wells.png in Resources */,
			);
			runOnlyForDeploymentPostprocessing = 0;
		};
		3FBFEEAD1DC276A1002C694E /* Resources */ = {
			isa = PBXResourcesBuildPhase;
			buildActionMask = 2147483647;
			files = (
			);
			runOnlyForDeploymentPostprocessing = 0;
		};
/* End PBXResourcesBuildPhase section */

/* Begin PBXSourcesBuildPhase section */
		3FBFEE971DC276A1002C694E /* Sources */ = {
			isa = PBXSourcesBuildPhase;
			buildActionMask = 2147483647;
			files = (
				3FBFEEDB1DC2B4A1002C694E /* Book.swift in Sources */,
				3FBFEEF01DC2B4A1002C694E /* ReadingListStore.swift in Sources */,
				3FBFEEDA1DC2B4A1002C694E /* Author.swift in Sources */,
				3FBFEEEF1DC2B4A1002C694E /* ReadingList.swift in Sources */,
				3FBFEEBF1DC2A863002C694E /* ReadingListController.swift in Sources */,
				3FBFEEF21DC3A741002C694E /* ViewBookController.swift in Sources */,
				3FBFEEEE1DC2B4A1002C694E /* ModelObject.swift in Sources */,
				3FBFEEF41DC3B27D002C694E /* EditBookController.swift in Sources */,
				3FBFEE9F1DC276A1002C694E /* AppDelegate.swift in Sources */,
			);
			runOnlyForDeploymentPostprocessing = 0;
		};
		3FBFEEAB1DC276A1002C694E /* Sources */ = {
			isa = PBXSourcesBuildPhase;
			buildActionMask = 2147483647;
			files = (
				3FBFEEB41DC276A1002C694E /* ReadingListTests.swift in Sources */,
			);
			runOnlyForDeploymentPostprocessing = 0;
		};
/* End PBXSourcesBuildPhase section */

/* Begin PBXTargetDependency section */
		3FBFEEB11DC276A1002C694E /* PBXTargetDependency */ = {
			isa = PBXTargetDependency;
			target = 3FBFEE9A1DC276A1002C694E /* ReadingList */;
			targetProxy = 3FBFEEB01DC276A1002C694E /* PBXContainerItemProxy */;
		};
/* End PBXTargetDependency section */

/* Begin PBXVariantGroup section */
		3FBFEEA21DC276A1002C694E /* Main.storyboard */ = {
			isa = PBXVariantGroup;
			children = (
				3FBFEEA31DC276A1002C694E /* Base */,
			);
			name = Main.storyboard;
			sourceTree = "<group>";
		};
		3FBFEEA71DC276A1002C694E /* LaunchScreen.storyboard */ = {
			isa = PBXVariantGroup;
			children = (
				3FBFEEA81DC276A1002C694E /* Base */,
			);
			name = LaunchScreen.storyboard;
			sourceTree = "<group>";
		};
/* End PBXVariantGroup section */

/* Begin XCBuildConfiguration section */
		3FBFEEB61DC276A1002C694E /* Debug */ = {
			isa = XCBuildConfiguration;
			buildSettings = {
				ALWAYS_SEARCH_USER_PATHS = NO;
				CLANG_ANALYZER_NONNULL = YES;
				CLANG_CXX_LANGUAGE_STANDARD = "gnu++0x";
				CLANG_CXX_LIBRARY = "libc++";
				CLANG_ENABLE_MODULES = YES;
				CLANG_ENABLE_OBJC_ARC = YES;
				CLANG_WARN_BOOL_CONVERSION = YES;
				CLANG_WARN_CONSTANT_CONVERSION = YES;
				CLANG_WARN_DIRECT_OBJC_ISA_USAGE = YES_ERROR;
				CLANG_WARN_DOCUMENTATION_COMMENTS = YES;
				CLANG_WARN_EMPTY_BODY = YES;
				CLANG_WARN_ENUM_CONVERSION = YES;
				CLANG_WARN_INFINITE_RECURSION = YES;
				CLANG_WARN_INT_CONVERSION = YES;
				CLANG_WARN_OBJC_ROOT_CLASS = YES_ERROR;
				CLANG_WARN_SUSPICIOUS_MOVES = YES;
				CLANG_WARN_UNREACHABLE_CODE = YES;
				CLANG_WARN__DUPLICATE_METHOD_MATCH = YES;
				"CODE_SIGN_IDENTITY[sdk=iphoneos*]" = "iPhone Developer";
				COPY_PHASE_STRIP = NO;
				DEBUG_INFORMATION_FORMAT = dwarf;
				ENABLE_STRICT_OBJC_MSGSEND = YES;
				ENABLE_TESTABILITY = YES;
				GCC_C_LANGUAGE_STANDARD = gnu99;
				GCC_DYNAMIC_NO_PIC = NO;
				GCC_NO_COMMON_BLOCKS = YES;
				GCC_OPTIMIZATION_LEVEL = 0;
				GCC_PREPROCESSOR_DEFINITIONS = (
					"DEBUG=1",
					"$(inherited)",
				);
				GCC_WARN_64_TO_32_BIT_CONVERSION = YES;
				GCC_WARN_ABOUT_RETURN_TYPE = YES_ERROR;
				GCC_WARN_UNDECLARED_SELECTOR = YES;
				GCC_WARN_UNINITIALIZED_AUTOS = YES_AGGRESSIVE;
				GCC_WARN_UNUSED_FUNCTION = YES;
				GCC_WARN_UNUSED_VARIABLE = YES;
				IPHONEOS_DEPLOYMENT_TARGET = 10.0;
				MTL_ENABLE_DEBUG_INFO = YES;
				ONLY_ACTIVE_ARCH = YES;
				SDKROOT = iphoneos;
				SWIFT_ACTIVE_COMPILATION_CONDITIONS = DEBUG;
				SWIFT_OPTIMIZATION_LEVEL = "-Onone";
			};
			name = Debug;
		};
		3FBFEEB71DC276A1002C694E /* Release */ = {
			isa = XCBuildConfiguration;
			buildSettings = {
				ALWAYS_SEARCH_USER_PATHS = NO;
				CLANG_ANALYZER_NONNULL = YES;
				CLANG_CXX_LANGUAGE_STANDARD = "gnu++0x";
				CLANG_CXX_LIBRARY = "libc++";
				CLANG_ENABLE_MODULES = YES;
				CLANG_ENABLE_OBJC_ARC = YES;
				CLANG_WARN_BOOL_CONVERSION = YES;
				CLANG_WARN_CONSTANT_CONVERSION = YES;
				CLANG_WARN_DIRECT_OBJC_ISA_USAGE = YES_ERROR;
				CLANG_WARN_DOCUMENTATION_COMMENTS = YES;
				CLANG_WARN_EMPTY_BODY = YES;
				CLANG_WARN_ENUM_CONVERSION = YES;
				CLANG_WARN_INFINITE_RECURSION = YES;
				CLANG_WARN_INT_CONVERSION = YES;
				CLANG_WARN_OBJC_ROOT_CLASS = YES_ERROR;
				CLANG_WARN_SUSPICIOUS_MOVES = YES;
				CLANG_WARN_UNREACHABLE_CODE = YES;
				CLANG_WARN__DUPLICATE_METHOD_MATCH = YES;
				"CODE_SIGN_IDENTITY[sdk=iphoneos*]" = "iPhone Developer";
				COPY_PHASE_STRIP = NO;
				DEBUG_INFORMATION_FORMAT = "dwarf-with-dsym";
				ENABLE_NS_ASSERTIONS = NO;
				ENABLE_STRICT_OBJC_MSGSEND = YES;
				GCC_C_LANGUAGE_STANDARD = gnu99;
				GCC_NO_COMMON_BLOCKS = YES;
				GCC_WARN_64_TO_32_BIT_CONVERSION = YES;
				GCC_WARN_ABOUT_RETURN_TYPE = YES_ERROR;
				GCC_WARN_UNDECLARED_SELECTOR = YES;
				GCC_WARN_UNINITIALIZED_AUTOS = YES_AGGRESSIVE;
				GCC_WARN_UNUSED_FUNCTION = YES;
				GCC_WARN_UNUSED_VARIABLE = YES;
				IPHONEOS_DEPLOYMENT_TARGET = 10.0;
				MTL_ENABLE_DEBUG_INFO = NO;
				SDKROOT = iphoneos;
				SWIFT_OPTIMIZATION_LEVEL = "-Owholemodule";
				VALIDATE_PRODUCT = YES;
			};
			name = Release;
		};
		3FBFEEB91DC276A1002C694E /* Debug */ = {
			isa = XCBuildConfiguration;
			buildSettings = {
				ASSETCATALOG_COMPILER_APPICON_NAME = AppIcon;
				INFOPLIST_FILE = ReadingList/Info.plist;
				LD_RUNPATH_SEARCH_PATHS = "$(inherited) @executable_path/Frameworks";
				PRODUCT_BUNDLE_IDENTIFIER = com.aboutobjects.ReadingList;
				PRODUCT_NAME = "$(TARGET_NAME)";
				SWIFT_VERSION = 3.0;
			};
			name = Debug;
		};
		3FBFEEBA1DC276A1002C694E /* Release */ = {
			isa = XCBuildConfiguration;
			buildSettings = {
				ASSETCATALOG_COMPILER_APPICON_NAME = AppIcon;
				INFOPLIST_FILE = ReadingList/Info.plist;
				LD_RUNPATH_SEARCH_PATHS = "$(inherited) @executable_path/Frameworks";
				PRODUCT_BUNDLE_IDENTIFIER = com.aboutobjects.ReadingList;
				PRODUCT_NAME = "$(TARGET_NAME)";
				SWIFT_VERSION = 3.0;
			};
			name = Release;
		};
		3FBFEEBC1DC276A1002C694E /* Debug */ = {
			isa = XCBuildConfiguration;
			buildSettings = {
				ALWAYS_EMBED_SWIFT_STANDARD_LIBRARIES = YES;
				BUNDLE_LOADER = "$(TEST_HOST)";
				INFOPLIST_FILE = ReadingListTests/Info.plist;
				LD_RUNPATH_SEARCH_PATHS = "$(inherited) @executable_path/Frameworks @loader_path/Frameworks";
				PRODUCT_BUNDLE_IDENTIFIER = com.aboutobjects.ReadingListTests;
				PRODUCT_NAME = "$(TARGET_NAME)";
				SWIFT_VERSION = 3.0;
				TEST_HOST = "$(BUILT_PRODUCTS_DIR)/ReadingList.app/ReadingList";
			};
			name = Debug;
		};
		3FBFEEBD1DC276A1002C694E /* Release */ = {
			isa = XCBuildConfiguration;
			buildSettings = {
				ALWAYS_EMBED_SWIFT_STANDARD_LIBRARIES = YES;
				BUNDLE_LOADER = "$(TEST_HOST)";
				INFOPLIST_FILE = ReadingListTests/Info.plist;
				LD_RUNPATH_SEARCH_PATHS = "$(inherited) @executable_path/Frameworks @loader_path/Frameworks";
				PRODUCT_BUNDLE_IDENTIFIER = com.aboutobjects.ReadingListTests;
				PRODUCT_NAME = "$(TARGET_NAME)";
				SWIFT_VERSION = 3.0;
				TEST_HOST = "$(BUILT_PRODUCTS_DIR)/ReadingList.app/ReadingList";
			};
			name = Release;
		};
/* End XCBuildConfiguration section */

/* Begin XCConfigurationList section */
		3FBFEE961DC276A1002C694E /* Build configuration list for PBXProject "ReadingList" */ = {
			isa = XCConfigurationList;
			buildConfigurations = (
				3FBFEEB61DC276A1002C694E /* Debug */,
				3FBFEEB71DC276A1002C694E /* Release */,
			);
			defaultConfigurationIsVisible = 0;
			defaultConfigurationName = Release;
		};
		3FBFEEB81DC276A1002C694E /* Build configuration list for PBXNativeTarget "ReadingList" */ = {
			isa = XCConfigurationList;
			buildConfigurations = (
				3FBFEEB91DC276A1002C694E /* Debug */,
				3FBFEEBA1DC276A1002C694E /* Release */,
			);
			defaultConfigurationIsVisible = 0;
		};
		3FBFEEBB1DC276A1002C694E /* Build configuration list for PBXNativeTarget "ReadingListTests" */ = {
			isa = XCConfigurationList;
			buildConfigurations = (
				3FBFEEBC1DC276A1002C694E /* Debug */,
				3FBFEEBD1DC276A1002C694E /* Release */,
			);
			defaultConfigurationIsVisible = 0;
		};
/* End XCConfigurationList section */
	};
	rootObject = 3FBFEE931DC276A1002C694E /* Project object */;
}
